
Microsoft Visual Studio Solution File, Format Version 12.00
# Visual Studio Version 17
VisualStudioVersion = 17.9.34728.123
MinimumVisualStudioVersion = 10.0.40219.1
Project("{2150E333-8FDC-42A3-9474-1A3956D46DE8}") = "ProgramServices", "ProgramServices", "{2B85DB47-F43E-44C3-80DA-619B78803111}"
EndProject
Project("{2150E333-8FDC-42A3-9474-1A3956D46DE8}") = "ApplicationServices", "ApplicationServices", "{CB633436-59D3-4BC9-8818-2A47E60C78C7}"
EndProject
Project("{2150E333-8FDC-42A3-9474-1A3956D46DE8}") = "SharedServices", "SharedServices", "{020AA375-9263-4F7D-BBB6-DB14B38DDDD5}"
EndProject
Global
	GlobalSection(SolutionProperties) = preSolution
		HideSolutionNode = FALSE
	EndGlobalSection
	GlobalSection(ExtensibilityGlobals) = postSolution
		SolutionGuid = {F4ACBB84-F51A-4FBD-AF38-B36FC19E2ED3}
	EndGlobalSection
EndGlobal
